
Microsoft Visual Studio Solution File, Format Version 12.00
# Visual Studio Version 17
VisualStudioVersion = 17.5.33414.496
MinimumVisualStudioVersion = 10.0.40219.1
Project("{FAE04EC0-301F-11D3-BF4B-00C04F79EFBC}") = "EvaluationManagerG10", "EvaluationManagerG10\EvaluationManagerG10.csproj", "{C3843969-9B36-46CF-B63B-1F78AD5CC442}"
EndProject
Global
	GlobalSection(SolutionConfigurationPlatforms) = preSolution
		Debug|Any CPU = Debug|Any CPU
		Release|Any CPU = Release|Any CPU
	EndGlobalSection
	GlobalSection(ProjectConfigurationPlatforms) = postSolution
		{C3843969-9B36-46CF-B63B-1F78AD5CC442}.Debug|Any CPU.ActiveCfg = Debug|Any CPU
		{C3843969-9B36-46CF-B63B-1F78AD5CC442}.Debug|Any CPU.Build.0 = Debug|Any CPU
		{C3843969-9B36-46CF-B63B-1F78AD5CC442}.Release|Any CPU.ActiveCfg = Release|Any CPU
		{C3843969-9B36-46CF-B63B-1F78AD5CC442}.Release|Any CPU.Build.0 = Release|Any CPU
	EndGlobalSection
	GlobalSection(SolutionProperties) = preSolution
		HideSolutionNode = FALSE
	EndGlobalSection
	GlobalSection(ExtensibilityGlobals) = postSolution
		SolutionGuid = {CB68EB3F-FE03-45AB-8455-D5C2466F8403}
	EndGlobalSection
EndGlobal
